
Microsoft Visual Studio Solution File, Format Version 12.00
# Visual Studio Version 17
VisualStudioVersion = 17.14.36603.0 d17.14
MinimumVisualStudioVersion = 10.0.40219.1
Project("{FAE04EC0-301F-11D3-BF4B-00C04F79EFBC}") = "Furni.App", "Furni.App\Furni.App.csproj", "{C2245E68-B09A-4013-A800-C1783CEA5040}"
EndProject
Global
	GlobalSection(SolutionConfigurationPlatforms) = preSolution
		Debug|Any CPU = Debug|Any CPU
		Release|Any CPU = Release|Any CPU
	EndGlobalSection
	GlobalSection(ProjectConfigurationPlatforms) = postSolution
		{C2245E68-B09A-4013-A800-C1783CEA5040}.Debug|Any CPU.ActiveCfg = Debug|Any CPU
		{C2245E68-B09A-4013-A800-C1783CEA5040}.Debug|Any CPU.Build.0 = Debug|Any CPU
		{C2245E68-B09A-4013-A800-C1783CEA5040}.Release|Any CPU.ActiveCfg = Release|Any CPU
		{C2245E68-B09A-4013-A800-C1783CEA5040}.Release|Any CPU.Build.0 = Release|Any CPU
	EndGlobalSection
	GlobalSection(SolutionProperties) = preSolution
		HideSolutionNode = FALSE
	EndGlobalSection
	GlobalSection(ExtensibilityGlobals) = postSolution
		SolutionGuid = {B2770A29-27EC-4292-8092-E7D5F21FC6A1}
	EndGlobalSection
EndGlobal
